PODS:
  - Alamofire (4.4.0)
  - HCYoutubeParser (0.0.5)
  - Kingfisher (3.5.1)
  - SWXMLHash (3.0.4)

DEPENDENCIES:
  - Alamofire
  - HCYoutubeParser
  - Kingfisher
  - SWXMLHash

SPEC CHECKSUMS:
  Alamofire: dc44b1600b800eb63da6a19039a0083d62a6a62d
  HCYoutubeParser: bc1db8c062e4b835eda381f2be2f9970f6a8d071
  Kingfisher: 12eeffeef42ea45b68c5e5acfe8ba9005b713ab4
  SWXMLHash: 29d20b84692fc319ea8ed933058fe7d8d005139b

PODFILE CHECKSUM: 6cecf60f6098dd40b18d643f72f767ee43091ffa

COCOAPODS: 1.2.0
