PODS:
  - Alamofire (3.2.0)
  - HCYoutubeParser (0.0.5)
  - Kingfisher (2.0.3)
  - SWXMLHash (2.1.0)

DEPENDENCIES:
  - Alamofire (~> 3.2.0)
  - HCYoutubeParser
  - Kingfisher
  - SWXMLHash

SPEC CHECKSUMS:
  Alamofire: 4da478599fccddff361205c8929333d7fe18dceb
  HCYoutubeParser: bc1db8c062e4b835eda381f2be2f9970f6a8d071
  Kingfisher: 44c1f1912f19371a67d701e67c96d6bb45ca1c8d
  SWXMLHash: 7257a358b3ab2f7a209e0b4e4cf552e8b6df5f0f

PODFILE CHECKSUM: 8a0961d693dbddbfadfd398368d2578dde56d750

COCOAPODS: 1.0.0.beta.3
